
Microsoft Visual Studio Solution File, Format Version 9.00
# Visual Studio 2005
Project("{FAE04EC0-301F-11D3-BF4B-00C04F79EFBC}") = "Ensurance", "src\Ensurance.csproj", "{DDC32C1C-7E92-4342-B1A2-817E1130950C}"
	ProjectSection(WebsiteProperties) = preProject
		Debug.AspNetCompiler.Debug = "True"
		Release.AspNetCompiler.Debug = "False"
	EndProjectSection
EndProject
Project("{2150E333-8FDC-42A3-9474-1A3956D46DE8}") = "Solution Items", "Solution Items", "{95D8FD5D-BA9A-4DF7-817F-7D77EFC2901B}"
	ProjectSection(WebsiteProperties) = preProject
		Debug.AspNetCompiler.Debug = "True"
		Release.AspNetCompiler.Debug = "False"
	EndProjectSection
	ProjectSection(SolutionItems) = preProject
		Ensurance.vsmdi = Ensurance.vsmdi
		localtestrun.testrunconfig = localtestrun.testrunconfig
	EndProjectSection
EndProject
Project("{FAE04EC0-301F-11D3-BF4B-00C04F79EFBC}") = "Ensurance.Tests", "Tests\Ensurance.Tests.csproj", "{B3B84184-3F68-4EAB-ADE4-4B29323AA225}"
	ProjectSection(WebsiteProperties) = preProject
		Debug.AspNetCompiler.Debug = "True"
		Release.AspNetCompiler.Debug = "False"
	EndProjectSection
EndProject
Global
	GlobalSection(TestCaseManagementSettings) = postSolution
		CategoryFile = Ensurance.vsmdi
	EndGlobalSection
	GlobalSection(SolutionConfigurationPlatforms) = preSolution
		Debug|Any CPU = Debug|Any CPU
		Release|Any CPU = Release|Any CPU
		Shipping|Any CPU = Shipping|Any CPU
	EndGlobalSection
	GlobalSection(ProjectConfigurationPlatforms) = postSolution
		{DDC32C1C-7E92-4342-B1A2-817E1130950C}.Debug|Any CPU.ActiveCfg = Debug|Any CPU
		{DDC32C1C-7E92-4342-B1A2-817E1130950C}.Debug|Any CPU.Build.0 = Debug|Any CPU
		{DDC32C1C-7E92-4342-B1A2-817E1130950C}.Release|Any CPU.ActiveCfg = Release|Any CPU
		{DDC32C1C-7E92-4342-B1A2-817E1130950C}.Release|Any CPU.Build.0 = Release|Any CPU
		{DDC32C1C-7E92-4342-B1A2-817E1130950C}.Shipping|Any CPU.ActiveCfg = Shipping|Any CPU
		{DDC32C1C-7E92-4342-B1A2-817E1130950C}.Shipping|Any CPU.Build.0 = Shipping|Any CPU
		{B3B84184-3F68-4EAB-ADE4-4B29323AA225}.Debug|Any CPU.ActiveCfg = Debug|Any CPU
		{B3B84184-3F68-4EAB-ADE4-4B29323AA225}.Debug|Any CPU.Build.0 = Debug|Any CPU
		{B3B84184-3F68-4EAB-ADE4-4B29323AA225}.Release|Any CPU.ActiveCfg = Release|Any CPU
		{B3B84184-3F68-4EAB-ADE4-4B29323AA225}.Release|Any CPU.Build.0 = Release|Any CPU
		{B3B84184-3F68-4EAB-ADE4-4B29323AA225}.Shipping|Any CPU.ActiveCfg = Release|Any CPU
		{B3B84184-3F68-4EAB-ADE4-4B29323AA225}.Shipping|Any CPU.Build.0 = Release|Any CPU
	EndGlobalSection
	GlobalSection(SolutionProperties) = preSolution
		HideSolutionNode = FALSE
	EndGlobalSection
EndGlobal
