
Microsoft Visual Studio Solution File, Format Version 9.00
# Visual Studio 2005
Project("{FAE04EC0-301F-11D3-BF4B-00C04F79EFBC}") = "Ensurance", "src\Ensurance.csproj", "{DDC32C1C-7E92-4342-B1A2-817E1130950C}"
EndProject
Project("{2150E333-8FDC-42A3-9474-1A3956D46DE8}") = "Solution Items", "Solution Items", "{95D8FD5D-BA9A-4DF7-817F-7D77EFC2901B}"
	ProjectSection(SolutionItems) = preProject
		Ensurance.vsmdi = Ensurance.vsmdi
		localtestrun.testrunconfig = localtestrun.testrunconfig
	EndProjectSection
EndProject
Project("{FAE04EC0-301F-11D3-BF4B-00C04F79EFBC}") = "Ensurance.Tests", "Tests\Ensurance.Tests.csproj", "{B3B84184-3F68-4EAB-ADE4-4B29323AA225}"
EndProject
Project("{2150E333-8FDC-42A3-9474-1A3956D46DE8}") = "Samples", "Samples", "{3305C892-6414-49E7-93D0-80D76897B0B4}"
EndProject
Project("{FAE04EC0-301F-11D3-BF4B-00C04F79EFBC}") = "CreatingCustomEnsuranceClasses", "samples\CreatingCustomEnsuranceClasses\CreatingCustomEnsuranceClasses.csproj", "{C311DA05-DD13-4CD6-A0FD-05E5870F901A}"
EndProject
Project("{FAE04EC0-301F-11D3-BF4B-00C04F79EFBC}") = "ExtendingFluentInterface", "samples\ExtendingFluentInterface\ExtendingFluentInterface.csproj", "{371B822D-251D-48E5-8086-EC3090F55ED6}"
EndProject
Project("{FAE04EC0-301F-11D3-BF4B-00C04F79EFBC}") = "TestBed", "samples\TestBed\TestBed.csproj", "{98A0ED29-9138-4581-9CAA-D17FB057B8AA}"
EndProject
Global
	GlobalSection(SolutionConfigurationPlatforms) = preSolution
		Debug|Any CPU = Debug|Any CPU
		Release|Any CPU = Release|Any CPU
		Shipping|Any CPU = Shipping|Any CPU
	EndGlobalSection
	GlobalSection(ProjectConfigurationPlatforms) = postSolution
		{DDC32C1C-7E92-4342-B1A2-817E1130950C}.Debug|Any CPU.ActiveCfg = Debug|Any CPU
		{DDC32C1C-7E92-4342-B1A2-817E1130950C}.Debug|Any CPU.Build.0 = Debug|Any CPU
		{DDC32C1C-7E92-4342-B1A2-817E1130950C}.Release|Any CPU.ActiveCfg = Release|Any CPU
		{DDC32C1C-7E92-4342-B1A2-817E1130950C}.Release|Any CPU.Build.0 = Release|Any CPU
		{DDC32C1C-7E92-4342-B1A2-817E1130950C}.Shipping|Any CPU.ActiveCfg = Shipping|Any CPU
		{DDC32C1C-7E92-4342-B1A2-817E1130950C}.Shipping|Any CPU.Build.0 = Shipping|Any CPU
		{B3B84184-3F68-4EAB-ADE4-4B29323AA225}.Debug|Any CPU.ActiveCfg = Debug|Any CPU
		{B3B84184-3F68-4EAB-ADE4-4B29323AA225}.Debug|Any CPU.Build.0 = Debug|Any CPU
		{B3B84184-3F68-4EAB-ADE4-4B29323AA225}.Release|Any CPU.ActiveCfg = Debug|Any CPU
		{B3B84184-3F68-4EAB-ADE4-4B29323AA225}.Release|Any CPU.Build.0 = Debug|Any CPU
		{B3B84184-3F68-4EAB-ADE4-4B29323AA225}.Shipping|Any CPU.ActiveCfg = Debug|Any CPU
		{B3B84184-3F68-4EAB-ADE4-4B29323AA225}.Shipping|Any CPU.Build.0 = Debug|Any CPU
		{C311DA05-DD13-4CD6-A0FD-05E5870F901A}.Debug|Any CPU.ActiveCfg = Debug|Any CPU
		{C311DA05-DD13-4CD6-A0FD-05E5870F901A}.Debug|Any CPU.Build.0 = Debug|Any CPU
		{C311DA05-DD13-4CD6-A0FD-05E5870F901A}.Release|Any CPU.ActiveCfg = Release|Any CPU
		{C311DA05-DD13-4CD6-A0FD-05E5870F901A}.Release|Any CPU.Build.0 = Release|Any CPU
		{C311DA05-DD13-4CD6-A0FD-05E5870F901A}.Shipping|Any CPU.ActiveCfg = Release|Any CPU
		{C311DA05-DD13-4CD6-A0FD-05E5870F901A}.Shipping|Any CPU.Build.0 = Release|Any CPU
		{371B822D-251D-48E5-8086-EC3090F55ED6}.Debug|Any CPU.ActiveCfg = Debug|Any CPU
		{371B822D-251D-48E5-8086-EC3090F55ED6}.Debug|Any CPU.Build.0 = Debug|Any CPU
		{371B822D-251D-48E5-8086-EC3090F55ED6}.Release|Any CPU.ActiveCfg = Release|Any CPU
		{371B822D-251D-48E5-8086-EC3090F55ED6}.Release|Any CPU.Build.0 = Release|Any CPU
		{371B822D-251D-48E5-8086-EC3090F55ED6}.Shipping|Any CPU.ActiveCfg = Release|Any CPU
		{371B822D-251D-48E5-8086-EC3090F55ED6}.Shipping|Any CPU.Build.0 = Release|Any CPU
		{98A0ED29-9138-4581-9CAA-D17FB057B8AA}.Debug|Any CPU.ActiveCfg = Debug|Any CPU
		{98A0ED29-9138-4581-9CAA-D17FB057B8AA}.Debug|Any CPU.Build.0 = Debug|Any CPU
		{98A0ED29-9138-4581-9CAA-D17FB057B8AA}.Release|Any CPU.ActiveCfg = Release|Any CPU
		{98A0ED29-9138-4581-9CAA-D17FB057B8AA}.Release|Any CPU.Build.0 = Release|Any CPU
		{98A0ED29-9138-4581-9CAA-D17FB057B8AA}.Shipping|Any CPU.ActiveCfg = Release|Any CPU
		{98A0ED29-9138-4581-9CAA-D17FB057B8AA}.Shipping|Any CPU.Build.0 = Release|Any CPU
	EndGlobalSection
	GlobalSection(SolutionProperties) = preSolution
		HideSolutionNode = FALSE
	EndGlobalSection
	GlobalSection(NestedProjects) = preSolution
		{C311DA05-DD13-4CD6-A0FD-05E5870F901A} = {3305C892-6414-49E7-93D0-80D76897B0B4}
		{371B822D-251D-48E5-8086-EC3090F55ED6} = {3305C892-6414-49E7-93D0-80D76897B0B4}
		{98A0ED29-9138-4581-9CAA-D17FB057B8AA} = {3305C892-6414-49E7-93D0-80D76897B0B4}
	EndGlobalSection
EndGlobal
